
Microsoft Visual Studio Solution File, Format Version 12.00
# Visual Studio Version 17
VisualStudioVersion = 17.7.34031.279
MinimumVisualStudioVersion = 10.0.40219.1
Project("{FAE04EC0-301F-11D3-BF4B-00C04F79EFBC}") = "LandManagementSystem", "LandManagementSystem\LandManagementSystem.csproj", "{CFE59BA1-5B85-4C86-864F-41DEC0E41B79}"
EndProject
Global
	GlobalSection(SolutionConfigurationPlatforms) = preSolution
		Debug|Any CPU = Debug|Any CPU
		Release|Any CPU = Release|Any CPU
	EndGlobalSection
	GlobalSection(ProjectConfigurationPlatforms) = postSolution
		{CFE59BA1-5B85-4C86-864F-41DEC0E41B79}.Debug|Any CPU.ActiveCfg = Debug|Any CPU
		{CFE59BA1-5B85-4C86-864F-41DEC0E41B79}.Debug|Any CPU.Build.0 = Debug|Any CPU
		{CFE59BA1-5B85-4C86-864F-41DEC0E41B79}.Release|Any CPU.ActiveCfg = Release|Any CPU
		{CFE59BA1-5B85-4C86-864F-41DEC0E41B79}.Release|Any CPU.Build.0 = Release|Any CPU
	EndGlobalSection
	GlobalSection(SolutionProperties) = preSolution
		HideSolutionNode = FALSE
	EndGlobalSection
	GlobalSection(ExtensibilityGlobals) = postSolution
		SolutionGuid = {D92AA162-0D66-4D27-B569-6073BE1E2E48}
	EndGlobalSection
EndGlobal
